
Microsoft Visual Studio Solution File, Format Version 12.00
# Visual Studio 15
Project("{FAE04EC0-301F-11D3-BF4B-00C04F79EFBC}") = "Assembly-CSharp", "Assembly-CSharp.csproj", "{1927D197-7FC3-4068-BAC0-BA251C1E4777}"
EndProject
Project("{FAE04EC0-301F-11D3-BF4B-00C04F79EFBC}") = "Assembly-CSharp-Editor", "Assembly-CSharp-Editor.csproj", "{D4A666F5-AF90-63F7-F7E3-09A6A2FB0A29}"
EndProject
Global
	GlobalSection(SolutionConfigurationPlatforms) = preSolution
		Debug|Any CPU = Debug|Any CPU
		Release|Any CPU = Release|Any CPU
	EndGlobalSection
	GlobalSection(ProjectConfigurationPlatforms) = postSolution
		{1927D197-7FC3-4068-BAC0-BA251C1E4777}.Debug|Any CPU.ActiveCfg = Debug|Any CPU
		{1927D197-7FC3-4068-BAC0-BA251C1E4777}.Debug|Any CPU.Build.0 = Debug|Any CPU
		{1927D197-7FC3-4068-BAC0-BA251C1E4777}.Release|Any CPU.ActiveCfg = Release|Any CPU
		{1927D197-7FC3-4068-BAC0-BA251C1E4777}.Release|Any CPU.Build.0 = Release|Any CPU
		{D4A666F5-AF90-63F7-F7E3-09A6A2FB0A29}.Debug|Any CPU.ActiveCfg = Debug|Any CPU
		{D4A666F5-AF90-63F7-F7E3-09A6A2FB0A29}.Debug|Any CPU.Build.0 = Debug|Any CPU
		{D4A666F5-AF90-63F7-F7E3-09A6A2FB0A29}.Release|Any CPU.ActiveCfg = Release|Any CPU
		{D4A666F5-AF90-63F7-F7E3-09A6A2FB0A29}.Release|Any CPU.Build.0 = Release|Any CPU
	EndGlobalSection
	GlobalSection(SolutionProperties) = preSolution
		HideSolutionNode = FALSE
	EndGlobalSection
EndGlobal
